
Microsoft Visual Studio Solution File, Format Version 11.00
# Visual Studio 2010
Project("{FAE04EC0-301F-11D3-BF4B-00C04F79EFBC}") = "Luas Lingkaran", "Luas Lingkaran\Luas Lingkaran.csproj", "{A351A267-9441-41E2-92AE-7DD59BF46FCB}"
EndProject
Global
	GlobalSection(SolutionConfigurationPlatforms) = preSolution
		Debug|x86 = Debug|x86
		Release|x86 = Release|x86
	EndGlobalSection
	GlobalSection(ProjectConfigurationPlatforms) = postSolution
		{A351A267-9441-41E2-92AE-7DD59BF46FCB}.Debug|x86.ActiveCfg = Debug|x86
		{A351A267-9441-41E2-92AE-7DD59BF46FCB}.Debug|x86.Build.0 = Debug|x86
		{A351A267-9441-41E2-92AE-7DD59BF46FCB}.Release|x86.ActiveCfg = Release|x86
		{A351A267-9441-41E2-92AE-7DD59BF46FCB}.Release|x86.Build.0 = Release|x86
	EndGlobalSection
	GlobalSection(SolutionProperties) = preSolution
		HideSolutionNode = FALSE
	EndGlobalSection
EndGlobal
